// !$*UTF8*$!
{
	archiveVersion = 1;
	classes = {
	};
	objectVersion = 56;
	objects = {

/* Begin PBXBuildFile section */
		8401CF142B6FC9B6008320EE /* AppDelegate.swift in Sources */ = {isa = PBXBuildFile; fileRef = 8401CF132B6FC9B6008320EE /* AppDelegate.swift */; };
		8401CF162B6FC9B6008320EE /* SceneDelegate.swift in Sources */ = {isa = PBXBuildFile; fileRef = 8401CF152B6FC9B6008320EE /* SceneDelegate.swift */; };
		8401CF182B6FC9B6008320EE /* ImagesListViewController.swift in Sources */ = {isa = PBXBuildFile; fileRef = 8401CF172B6FC9B6008320EE /* ImagesListViewController.swift */; };
		8401CF1B2B6FC9B6008320EE /* Main.storyboard in Resources */ = {isa = PBXBuildFile; fileRef = 8401CF192B6FC9B6008320EE /* Main.storyboard */; };
		8401CF1E2B6FC9B6008320EE /* ImageFeed.xcdatamodeld in Sources */ = {isa = PBXBuildFile; fileRef = 8401CF1C2B6FC9B6008320EE /* ImageFeed.xcdatamodeld */; };
		8401CF202B6FC9B8008320EE /* Assets.xcassets in Resources */ = {isa = PBXBuildFile; fileRef = 8401CF1F2B6FC9B8008320EE /* Assets.xcassets */; };
		8401CF232B6FC9B8008320EE /* LaunchScreen.storyboard in Resources */ = {isa = PBXBuildFile; fileRef = 8401CF212B6FC9B8008320EE /* LaunchScreen.storyboard */; };
		8401CF2E2B6FC9B9008320EE /* ImageFeedTests.swift in Sources */ = {isa = PBXBuildFile; fileRef = 8401CF2D2B6FC9B9008320EE /* ImageFeedTests.swift */; };
		8401CF382B6FC9B9008320EE /* ImageFeedUITests.swift in Sources */ = {isa = PBXBuildFile; fileRef = 8401CF372B6FC9B9008320EE /* ImageFeedUITests.swift */; };
		8401CF3A2B6FC9B9008320EE /* ImageFeedUITestsLaunchTests.swift in Sources */ = {isa = PBXBuildFile; fileRef = 8401CF392B6FC9B9008320EE /* ImageFeedUITestsLaunchTests.swift */; };
		8406B8742B780D8C0046B88F /* UIColors+Extensions.swift in Sources */ = {isa = PBXBuildFile; fileRef = 8406B8732B780D8C0046B88F /* UIColors+Extensions.swift */; };
		8406B8772B7816700046B88F /* ImagesListCell.swift in Sources */ = {isa = PBXBuildFile; fileRef = 8406B8762B7816700046B88F /* ImagesListCell.swift */; };
/* End PBXBuildFile section */

/* Begin PBXContainerItemProxy section */
		8401CF2A2B6FC9B9008320EE /* PBXContainerItemProxy */ = {
			isa = PBXContainerItemProxy;
			containerPortal = 8401CF082B6FC9B6008320EE /* Project object */;
			proxyType = 1;
			remoteGlobalIDString = 8401CF0F2B6FC9B6008320EE;
			remoteInfo = ImageFeed;
		};
		8401CF342B6FC9B9008320EE /* PBXContainerItemProxy */ = {
			isa = PBXContainerItemProxy;
			containerPortal = 8401CF082B6FC9B6008320EE /* Project object */;
			proxyType = 1;
			remoteGlobalIDString = 8401CF0F2B6FC9B6008320EE;
			remoteInfo = ImageFeed;
		};
/* End PBXContainerItemProxy section */

/* Begin PBXFileReference section */
		8401CF102B6FC9B6008320EE /* ImageFeed.app */ = {isa = PBXFileReference; explicitFileType = wrapper.application; includeInIndex = 0; path = ImageFeed.app; sourceTree = BUILT_PRODUCTS_DIR; };
		8401CF132B6FC9B6008320EE /* AppDelegate.swift */ = {isa = PBXFileReference; lastKnownFileType = sourcecode.swift; path = AppDelegate.swift; sourceTree = "<group>"; };
		8401CF152B6FC9B6008320EE /* SceneDelegate.swift */ = {isa = PBXFileReference; lastKnownFileType = sourcecode.swift; path = SceneDelegate.swift; sourceTree = "<group>"; };
		8401CF172B6FC9B6008320EE /* ImagesListViewController.swift */ = {isa = PBXFileReference; lastKnownFileType = sourcecode.swift; path = ImagesListViewController.swift; sourceTree = "<group>"; };
		8401CF1A2B6FC9B6008320EE /* Base */ = {isa = PBXFileReference; lastKnownFileType = file.storyboard; name = Base; path = Base.lproj/Main.storyboard; sourceTree = "<group>"; };
		8401CF1D2B6FC9B6008320EE /* ImageFeed.xcdatamodel */ = {isa = PBXFileReference; lastKnownFileType = wrapper.xcdatamodel; path = ImageFeed.xcdatamodel; sourceTree = "<group>"; };
		8401CF1F2B6FC9B8008320EE /* Assets.xcassets */ = {isa = PBXFileReference; lastKnownFileType = folder.assetcatalog; path = Assets.xcassets; sourceTree = "<group>"; };
		8401CF222B6FC9B8008320EE /* Base */ = {isa = PBXFileReference; lastKnownFileType = file.storyboard; name = Base; path = Base.lproj/LaunchScreen.storyboard; sourceTree = "<group>"; };
		8401CF242B6FC9B8008320EE /* Info.plist */ = {isa = PBXFileReference; lastKnownFileType = text.plist.xml; path = Info.plist; sourceTree = "<group>"; };
		8401CF292B6FC9B9008320EE /* ImageFeedTests.xctest */ = {isa = PBXFileReference; explicitFileType = wrapper.cfbundle; includeInIndex = 0; path = ImageFeedTests.xctest; sourceTree = BUILT_PRODUCTS_DIR; };
		8401CF2D2B6FC9B9008320EE /* ImageFeedTests.swift */ = {isa = PBXFileReference; lastKnownFileType = sourcecode.swift; path = ImageFeedTests.swift; sourceTree = "<group>"; };
		8401CF332B6FC9B9008320EE /* ImageFeedUITests.xctest */ = {isa = PBXFileReference; explicitFileType = wrapper.cfbundle; includeInIndex = 0; path = ImageFeedUITests.xctest; sourceTree = BUILT_PRODUCTS_DIR; };
		8401CF372B6FC9B9008320EE /* ImageFeedUITests.swift */ = {isa = PBXFileReference; lastKnownFileType = sourcecode.swift; path = ImageFeedUITests.swift; sourceTree = "<group>"; };
		8401CF392B6FC9B9008320EE /* ImageFeedUITestsLaunchTests.swift */ = {isa = PBXFileReference; lastKnownFileType = sourcecode.swift; path = ImageFeedUITestsLaunchTests.swift; sourceTree = "<group>"; };
		8406B8732B780D8C0046B88F /* UIColors+Extensions.swift */ = {isa = PBXFileReference; lastKnownFileType = sourcecode.swift; path = "UIColors+Extensions.swift"; sourceTree = "<group>"; };
		8406B8762B7816700046B88F /* ImagesListCell.swift */ = {isa = PBXFileReference; lastKnownFileType = sourcecode.swift; path = ImagesListCell.swift; sourceTree = "<group>"; };
/* End PBXFileReference section */

/* Begin PBXFrameworksBuildPhase section */
		8401CF0D2B6FC9B6008320EE /* Frameworks */ = {
			isa = PBXFrameworksBuildPhase;
			buildActionMask = 2147483647;
			files = (
			);
			runOnlyForDeploymentPostprocessing = 0;
		};
		8401CF262B6FC9B9008320EE /* Frameworks */ = {
			isa = PBXFrameworksBuildPhase;
			buildActionMask = 2147483647;
			files = (
			);
			runOnlyForDeploymentPostprocessing = 0;
		};
		8401CF302B6FC9B9008320EE /* Frameworks */ = {
			isa = PBXFrameworksBuildPhase;
			buildActionMask = 2147483647;
			files = (
			);
			runOnlyForDeploymentPostprocessing = 0;
		};
/* End PBXFrameworksBuildPhase section */

/* Begin PBXGroup section */
		8401CF072B6FC9B6008320EE = {
			isa = PBXGroup;
			children = (
				8401CF122B6FC9B6008320EE /* ImageFeed */,
				8401CF2C2B6FC9B9008320EE /* ImageFeedTests */,
				8401CF362B6FC9B9008320EE /* ImageFeedUITests */,
				8401CF112B6FC9B6008320EE /* Products */,
			);
			sourceTree = "<group>";
		};
		8401CF112B6FC9B6008320EE /* Products */ = {
			isa = PBXGroup;
			children = (
				8401CF102B6FC9B6008320EE /* ImageFeed.app */,
				8401CF292B6FC9B9008320EE /* ImageFeedTests.xctest */,
				8401CF332B6FC9B9008320EE /* ImageFeedUITests.xctest */,
			);
			name = Products;
			sourceTree = "<group>";
		};
		8401CF122B6FC9B6008320EE /* ImageFeed */ = {
			isa = PBXGroup;
			children = (
				8406B8752B78164F0046B88F /* ImagesList */,
				8401CF132B6FC9B6008320EE /* AppDelegate.swift */,
				8401CF152B6FC9B6008320EE /* SceneDelegate.swift */,
				8401CF192B6FC9B6008320EE /* Main.storyboard */,
				8406B8722B780D1E0046B88F /* Helpers */,
				8401CF462B701649008320EE /* Resources */,
			);
			path = ImageFeed;
			sourceTree = "<group>";
		};
		8401CF2C2B6FC9B9008320EE /* ImageFeedTests */ = {
			isa = PBXGroup;
			children = (
				8401CF2D2B6FC9B9008320EE /* ImageFeedTests.swift */,
			);
			path = ImageFeedTests;
			sourceTree = "<group>";
		};
		8401CF362B6FC9B9008320EE /* ImageFeedUITests */ = {
			isa = PBXGroup;
			children = (
				8401CF372B6FC9B9008320EE /* ImageFeedUITests.swift */,
				8401CF392B6FC9B9008320EE /* ImageFeedUITestsLaunchTests.swift */,
			);
			path = ImageFeedUITests;
			sourceTree = "<group>";
		};
		8401CF462B701649008320EE /* Resources */ = {
			isa = PBXGroup;
			children = (
				8401CF212B6FC9B8008320EE /* LaunchScreen.storyboard */,
				8401CF1F2B6FC9B8008320EE /* Assets.xcassets */,
				8401CF242B6FC9B8008320EE /* Info.plist */,
				8401CF1C2B6FC9B6008320EE /* ImageFeed.xcdatamodeld */,
			);
			path = Resources;
			sourceTree = "<group>";
		};
		8406B8722B780D1E0046B88F /* Helpers */ = {
			isa = PBXGroup;
			children = (
				8406B8732B780D8C0046B88F /* UIColors+Extensions.swift */,
			);
			path = Helpers;
			sourceTree = "<group>";
		};
		8406B8752B78164F0046B88F /* ImagesList */ = {
			isa = PBXGroup;
			children = (
				8406B8762B7816700046B88F /* ImagesListCell.swift */,
				8401CF172B6FC9B6008320EE /* ImagesListViewController.swift */,
			);
			path = ImagesList;
			sourceTree = "<group>";
		};
/* End PBXGroup section */

/* Begin PBXNativeTarget section */
		8401CF0F2B6FC9B6008320EE /* ImageFeed */ = {
			isa = PBXNativeTarget;
			buildConfigurationList = 8401CF3D2B6FC9B9008320EE /* Build configuration list for PBXNativeTarget "ImageFeed" */;
			buildPhases = (
				8401CF0C2B6FC9B6008320EE /* Sources */,
				8401CF0D2B6FC9B6008320EE /* Frameworks */,
				8401CF0E2B6FC9B6008320EE /* Resources */,
			);
			buildRules = (
			);
			dependencies = (
			);
			name = ImageFeed;
			productName = ImageFeed;
			productReference = 8401CF102B6FC9B6008320EE /* ImageFeed.app */;
			productType = "com.apple.product-type.application";
		};
		8401CF282B6FC9B9008320EE /* ImageFeedTests */ = {
			isa = PBXNativeTarget;
			buildConfigurationList = 8401CF402B6FC9B9008320EE /* Build configuration list for PBXNativeTarget "ImageFeedTests" */;
			buildPhases = (
				8401CF252B6FC9B9008320EE /* Sources */,
				8401CF262B6FC9B9008320EE /* Frameworks */,
				8401CF272B6FC9B9008320EE /* Resources */,
			);
			buildRules = (
			);
			dependencies = (
				8401CF2B2B6FC9B9008320EE /* PBXTargetDependency */,
			);
			name = ImageFeedTests;
			productName = ImageFeedTests;
			productReference = 8401CF292B6FC9B9008320EE /* ImageFeedTests.xctest */;
			productType = "com.apple.product-type.bundle.unit-test";
		};
		8401CF322B6FC9B9008320EE /* ImageFeedUITests */ = {
			isa = PBXNativeTarget;
			buildConfigurationList = 8401CF432B6FC9B9008320EE /* Build configuration list for PBXNativeTarget "ImageFeedUITests" */;
			buildPhases = (
				8401CF2F2B6FC9B9008320EE /* Sources */,
				8401CF302B6FC9B9008320EE /* Frameworks */,
				8401CF312B6FC9B9008320EE /* Resources */,
			);
			buildRules = (
			);
			dependencies = (
				8401CF352B6FC9B9008320EE /* PBXTargetDependency */,
			);
			name = ImageFeedUITests;
			productName = ImageFeedUITests;
			productReference = 8401CF332B6FC9B9008320EE /* ImageFeedUITests.xctest */;
			productType = "com.apple.product-type.bundle.ui-testing";
		};
/* End PBXNativeTarget section */

/* Begin PBXProject section */
		8401CF082B6FC9B6008320EE /* Project object */ = {
			isa = PBXProject;
			attributes = {
				BuildIndependentTargetsInParallel = 1;
				LastSwiftUpdateCheck = 1520;
				LastUpgradeCheck = 1520;
				TargetAttributes = {
					8401CF0F2B6FC9B6008320EE = {
						CreatedOnToolsVersion = 15.2;
					};
					8401CF282B6FC9B9008320EE = {
						CreatedOnToolsVersion = 15.2;
						TestTargetID = 8401CF0F2B6FC9B6008320EE;
					};
					8401CF322B6FC9B9008320EE = {
						CreatedOnToolsVersion = 15.2;
						TestTargetID = 8401CF0F2B6FC9B6008320EE;
					};
				};
			};
			buildConfigurationList = 8401CF0B2B6FC9B6008320EE /* Build configuration list for PBXProject "ImageFeed" */;
			compatibilityVersion = "Xcode 14.0";
			developmentRegion = en;
			hasScannedForEncodings = 0;
			knownRegions = (
				en,
				Base,
			);
			mainGroup = 8401CF072B6FC9B6008320EE;
			productRefGroup = 8401CF112B6FC9B6008320EE /* Products */;
			projectDirPath = "";
			projectRoot = "";
			targets = (
				8401CF0F2B6FC9B6008320EE /* ImageFeed */,
				8401CF282B6FC9B9008320EE /* ImageFeedTests */,
				8401CF322B6FC9B9008320EE /* ImageFeedUITests */,
			);
		};
/* End PBXProject section */

/* Begin PBXResourcesBuildPhase section */
		8401CF0E2B6FC9B6008320EE /* Resources */ = {
			isa = PBXResourcesBuildPhase;
			buildActionMask = 2147483647;
			files = (
				8401CF232B6FC9B8008320EE /* LaunchScreen.storyboard in Resources */,
				8401CF202B6FC9B8008320EE /* Assets.xcassets in Resources */,
				8401CF1B2B6FC9B6008320EE /* Main.storyboard in Resources */,
			);
			runOnlyForDeploymentPostprocessing = 0;
		};
		8401CF272B6FC9B9008320EE /* Resources */ = {
			isa = PBXResourcesBuildPhase;
			buildActionMask = 2147483647;
			files = (
			);
			runOnlyForDeploymentPostprocessing = 0;
		};
		8401CF312B6FC9B9008320EE /* Resources */ = {
			isa = PBXResourcesBuildPhase;
			buildActionMask = 2147483647;
			files = (
			);
			runOnlyForDeploymentPostprocessing = 0;
		};
/* End PBXResourcesBuildPhase section */

/* Begin PBXSourcesBuildPhase section */
		8401CF0C2B6FC9B6008320EE /* Sources */ = {
			isa = PBXSourcesBuildPhase;
			buildActionMask = 2147483647;
			files = (
				8406B8742B780D8C0046B88F /* UIColors+Extensions.swift in Sources */,
				8401CF182B6FC9B6008320EE /* ImagesListViewController.swift in Sources */,
				8401CF1E2B6FC9B6008320EE /* ImageFeed.xcdatamodeld in Sources */,
				8401CF142B6FC9B6008320EE /* AppDelegate.swift in Sources */,
				8401CF162B6FC9B6008320EE /* SceneDelegate.swift in Sources */,
				8406B8772B7816700046B88F /* ImagesListCell.swift in Sources */,
			);
			runOnlyForDeploymentPostprocessing = 0;
		};
		8401CF252B6FC9B9008320EE /* Sources */ = {
			isa = PBXSourcesBuildPhase;
			buildActionMask = 2147483647;
			files = (
				8401CF2E2B6FC9B9008320EE /* ImageFeedTests.swift in Sources */,
			);
			runOnlyForDeploymentPostprocessing = 0;
		};
		8401CF2F2B6FC9B9008320EE /* Sources */ = {
			isa = PBXSourcesBuildPhase;
			buildActionMask = 2147483647;
			files = (
				8401CF3A2B6FC9B9008320EE /* ImageFeedUITestsLaunchTests.swift in Sources */,
				8401CF382B6FC9B9008320EE /* ImageFeedUITests.swift in Sources */,
			);
			runOnlyForDeploymentPostprocessing = 0;
		};
/* End PBXSourcesBuildPhase section */

/* Begin PBXTargetDependency section */
		8401CF2B2B6FC9B9008320EE /* PBXTargetDependency */ = {
			isa = PBXTargetDependency;
			target = 8401CF0F2B6FC9B6008320EE /* ImageFeed */;
			targetProxy = 8401CF2A2B6FC9B9008320EE /* PBXContainerItemProxy */;
		};
		8401CF352B6FC9B9008320EE /* PBXTargetDependency */ = {
			isa = PBXTargetDependency;
			target = 8401CF0F2B6FC9B6008320EE /* ImageFeed */;
			targetProxy = 8401CF342B6FC9B9008320EE /* PBXContainerItemProxy */;
		};
/* End PBXTargetDependency section */

/* Begin PBXVariantGroup section */
		8401CF192B6FC9B6008320EE /* Main.storyboard */ = {
			isa = PBXVariantGroup;
			children = (
				8401CF1A2B6FC9B6008320EE /* Base */,
			);
			name = Main.storyboard;
			sourceTree = "<group>";
		};
		8401CF212B6FC9B8008320EE /* LaunchScreen.storyboard */ = {
			isa = PBXVariantGroup;
			children = (
				8401CF222B6FC9B8008320EE /* Base */,
			);
			name = LaunchScreen.storyboard;
			sourceTree = "<group>";
		};
/* End PBXVariantGroup section */

/* Begin XCBuildConfiguration section */
		8401CF3B2B6FC9B9008320EE /* Debug */ = {
			isa = XCBuildConfiguration;
			buildSettings = {
				ALWAYS_SEARCH_USER_PATHS = NO;
				ASSETCATALOG_COMPILER_GENERATE_SWIFT_ASSET_SYMBOL_EXTENSIONS = YES;
				CLANG_ANALYZER_NONNULL = YES;
				CLANG_ANALYZER_NUMBER_OBJECT_CONVERSION = YES_AGGRESSIVE;
				CLANG_CXX_LANGUAGE_STANDARD = "gnu++20";
				CLANG_ENABLE_MODULES = YES;
				CLANG_ENABLE_OBJC_ARC = YES;
				CLANG_ENABLE_OBJC_WEAK = YES;
				CLANG_WARN_BLOCK_CAPTURE_AUTORELEASING = YES;
				CLANG_WARN_BOOL_CONVERSION = YES;
				CLANG_WARN_COMMA = YES;
				CLANG_WARN_CONSTANT_CONVERSION = YES;
				CLANG_WARN_DEPRECATED_OBJC_IMPLEMENTATIONS = YES;
				CLANG_WARN_DIRECT_OBJC_ISA_USAGE = YES_ERROR;
				CLANG_WARN_DOCUMENTATION_COMMENTS = YES;
				CLANG_WARN_EMPTY_BODY = YES;
				CLANG_WARN_ENUM_CONVERSION = YES;
				CLANG_WARN_INFINITE_RECURSION = YES;
				CLANG_WARN_INT_CONVERSION = YES;
				CLANG_WARN_NON_LITERAL_NULL_CONVERSION = YES;
				CLANG_WARN_OBJC_IMPLICIT_RETAIN_SELF = YES;
				CLANG_WARN_OBJC_LITERAL_CONVERSION = YES;
				CLANG_WARN_OBJC_ROOT_CLASS = YES_ERROR;
				CLANG_WARN_QUOTED_INCLUDE_IN_FRAMEWORK_HEADER = YES;
				CLANG_WARN_RANGE_LOOP_ANALYSIS = YES;
				CLANG_WARN_STRICT_PROTOTYPES = YES;
				CLANG_WARN_SUSPICIOUS_MOVE = YES;
				CLANG_WARN_UNGUARDED_AVAILABILITY = YES_AGGRESSIVE;
				CLANG_WARN_UNREACHABLE_CODE = YES;
				CLANG_WARN__DUPLICATE_METHOD_MATCH = YES;
				COPY_PHASE_STRIP = NO;
				DEBUG_INFORMATION_FORMAT = dwarf;
				ENABLE_STRICT_OBJC_MSGSEND = YES;
				ENABLE_TESTABILITY = YES;
				ENABLE_USER_SCRIPT_SANDBOXING = YES;
				GCC_C_LANGUAGE_STANDARD = gnu17;
				GCC_DYNAMIC_NO_PIC = NO;
				GCC_NO_COMMON_BLOCKS = YES;
				GCC_OPTIMIZATION_LEVEL = 0;
				GCC_PREPROCESSOR_DEFINITIONS = (
					"DEBUG=1",
					"$(inherited)",
				);
				GCC_WARN_64_TO_32_BIT_CONVERSION = YES;
				GCC_WARN_ABOUT_RETURN_TYPE = YES_ERROR;
				GCC_WARN_UNDECLARED_SELECTOR = YES;
				GCC_WARN_UNINITIALIZED_AUTOS = YES_AGGRESSIVE;
				GCC_WARN_UNUSED_FUNCTION = YES;
				GCC_WARN_UNUSED_VARIABLE = YES;
				IPHONEOS_DEPLOYMENT_TARGET = 13.0;
				LOCALIZATION_PREFERS_STRING_CATALOGS = YES;
				MTL_ENABLE_DEBUG_INFO = INCLUDE_SOURCE;
				MTL_FAST_MATH = YES;
				ONLY_ACTIVE_ARCH = YES;
				SDKROOT = iphoneos;
				SWIFT_ACTIVE_COMPILATION_CONDITIONS = "DEBUG $(inherited)";
				SWIFT_OPTIMIZATION_LEVEL = "-Onone";
			};
			name = Debug;
		};
		8401CF3C2B6FC9B9008320EE /* Release */ = {
			isa = XCBuildConfiguration;
			buildSettings = {
				ALWAYS_SEARCH_USER_PATHS = NO;
				ASSETCATALOG_COMPILER_GENERATE_SWIFT_ASSET_SYMBOL_EXTENSIONS = YES;
				CLANG_ANALYZER_NONNULL = YES;
				CLANG_ANALYZER_NUMBER_OBJECT_CONVERSION = YES_AGGRESSIVE;
				CLANG_CXX_LANGUAGE_STANDARD = "gnu++20";
				CLANG_ENABLE_MODULES = YES;
				CLANG_ENABLE_OBJC_ARC = YES;
				CLANG_ENABLE_OBJC_WEAK = YES;
				CLANG_WARN_BLOCK_CAPTURE_AUTORELEASING = YES;
				CLANG_WARN_BOOL_CONVERSION = YES;
				CLANG_WARN_COMMA = YES;
				CLANG_WARN_CONSTANT_CONVERSION = YES;
				CLANG_WARN_DEPRECATED_OBJC_IMPLEMENTATIONS = YES;
				CLANG_WARN_DIRECT_OBJC_ISA_USAGE = YES_ERROR;
				CLANG_WARN_DOCUMENTATION_COMMENTS = YES;
				CLANG_WARN_EMPTY_BODY = YES;
				CLANG_WARN_ENUM_CONVERSION = YES;
				CLANG_WARN_INFINITE_RECURSION = YES;
				CLANG_WARN_INT_CONVERSION = YES;
				CLANG_WARN_NON_LITERAL_NULL_CONVERSION = YES;
				CLANG_WARN_OBJC_IMPLICIT_RETAIN_SELF = YES;
				CLANG_WARN_OBJC_LITERAL_CONVERSION = YES;
				CLANG_WARN_OBJC_ROOT_CLASS = YES_ERROR;
				CLANG_WARN_QUOTED_INCLUDE_IN_FRAMEWORK_HEADER = YES;
				CLANG_WARN_RANGE_LOOP_ANALYSIS = YES;
				CLANG_WARN_STRICT_PROTOTYPES = YES;
				CLANG_WARN_SUSPICIOUS_MOVE = YES;
				CLANG_WARN_UNGUARDED_AVAILABILITY = YES_AGGRESSIVE;
				CLANG_WARN_UNREACHABLE_CODE = YES;
				CLANG_WARN__DUPLICATE_METHOD_MATCH = YES;
				COPY_PHASE_STRIP = NO;
				DEBUG_INFORMATION_FORMAT = "dwarf-with-dsym";
				ENABLE_NS_ASSERTIONS = NO;
				ENABLE_STRICT_OBJC_MSGSEND = YES;
				ENABLE_USER_SCRIPT_SANDBOXING = YES;
				GCC_C_LANGUAGE_STANDARD = gnu17;
				GCC_NO_COMMON_BLOCKS = YES;
				GCC_WARN_64_TO_32_BIT_CONVERSION = YES;
				GCC_WARN_ABOUT_RETURN_TYPE = YES_ERROR;
				GCC_WARN_UNDECLARED_SELECTOR = YES;
				GCC_WARN_UNINITIALIZED_AUTOS = YES_AGGRESSIVE;
				GCC_WARN_UNUSED_FUNCTION = YES;
				GCC_WARN_UNUSED_VARIABLE = YES;
				IPHONEOS_DEPLOYMENT_TARGET = 13.0;
				LOCALIZATION_PREFERS_STRING_CATALOGS = YES;
				MTL_ENABLE_DEBUG_INFO = NO;
				MTL_FAST_MATH = YES;
				SDKROOT = iphoneos;
				SWIFT_COMPILATION_MODE = wholemodule;
				VALIDATE_PRODUCT = YES;
			};
			name = Release;
		};
		8401CF3E2B6FC9B9008320EE /* Debug */ = {
			isa = XCBuildConfiguration;
			buildSettings = {
				ASSETCATALOG_COMPILER_APPICON_NAME = AppIcon;
				ASSETCATALOG_COMPILER_GLOBAL_ACCENT_COLOR_NAME = AccentColor;
				CODE_SIGN_STYLE = Automatic;
				CURRENT_PROJECT_VERSION = 1;
				GENERATE_INFOPLIST_FILE = YES;
				INFOPLIST_FILE = ImageFeed/Resources/Info.plist;
				INFOPLIST_KEY_UIApplicationSupportsIndirectInputEvents = YES;
				INFOPLIST_KEY_UILaunchStoryboardName = LaunchScreen.storyboard;
				INFOPLIST_KEY_UIMainStoryboardFile = Main;
				INFOPLIST_KEY_UISupportedInterfaceOrientations = UIInterfaceOrientationPortrait;
				IPHONEOS_DEPLOYMENT_TARGET = 13.0;
				LD_RUNPATH_SEARCH_PATHS = (
					"$(inherited)",
					"@executable_path/Frameworks",
				);
				MARKETING_VERSION = 1.0;
				PRODUCT_BUNDLE_IDENTIFIER = ru.bugss.ImageFeed;
				PRODUCT_NAME = "$(TARGET_NAME)";
				SUPPORTED_PLATFORMS = "iphoneos iphonesimulator";
				SUPPORTS_MACCATALYST = NO;
				SUPPORTS_MAC_DESIGNED_FOR_IPHONE_IPAD = NO;
				SUPPORTS_XR_DESIGNED_FOR_IPHONE_IPAD = NO;
				SWIFT_EMIT_LOC_STRINGS = YES;
				SWIFT_VERSION = 5.0;
				TARGETED_DEVICE_FAMILY = 1;
			};
			name = Debug;
		};
		8401CF3F2B6FC9B9008320EE /* Release */ = {
			isa = XCBuildConfiguration;
			buildSettings = {
				ASSETCATALOG_COMPILER_APPICON_NAME = AppIcon;
				ASSETCATALOG_COMPILER_GLOBAL_ACCENT_COLOR_NAME = AccentColor;
				CODE_SIGN_STYLE = Automatic;
				CURRENT_PROJECT_VERSION = 1;
				GENERATE_INFOPLIST_FILE = YES;
				INFOPLIST_FILE = ImageFeed/Resources/Info.plist;
				INFOPLIST_KEY_UIApplicationSupportsIndirectInputEvents = YES;
				INFOPLIST_KEY_UILaunchStoryboardName = LaunchScreen.storyboard;
				INFOPLIST_KEY_UIMainStoryboardFile = Main;
				INFOPLIST_KEY_UISupportedInterfaceOrientations = UIInterfaceOrientationPortrait;
				IPHONEOS_DEPLOYMENT_TARGET = 13.0;
				LD_RUNPATH_SEARCH_PATHS = (
					"$(inherited)",
					"@executable_path/Frameworks",
				);
				MARKETING_VERSION = 1.0;
				PRODUCT_BUNDLE_IDENTIFIER = ru.bugss.ImageFeed;
				PRODUCT_NAME = "$(TARGET_NAME)";
				SUPPORTED_PLATFORMS = "iphoneos iphonesimulator";
				SUPPORTS_MACCATALYST = NO;
				SUPPORTS_MAC_DESIGNED_FOR_IPHONE_IPAD = NO;
				SUPPORTS_XR_DESIGNED_FOR_IPHONE_IPAD = NO;
				SWIFT_EMIT_LOC_STRINGS = YES;
				SWIFT_VERSION = 5.0;
				TARGETED_DEVICE_FAMILY = 1;
			};
			name = Release;
		};
		8401CF412B6FC9B9008320EE /* Debug */ = {
			isa = XCBuildConfiguration;
			buildSettings = {
				ALWAYS_EMBED_SWIFT_STANDARD_LIBRARIES = YES;
				BUNDLE_LOADER = "$(TEST_HOST)";
				CODE_SIGN_STYLE = Automatic;
				CURRENT_PROJECT_VERSION = 1;
				GENERATE_INFOPLIST_FILE = YES;
				IPHONEOS_DEPLOYMENT_TARGET = 17.2;
				MARKETING_VERSION = 1.0;
				PRODUCT_BUNDLE_IDENTIFIER = ru.bugss.ImageFeedTests;
				PRODUCT_NAME = "$(TARGET_NAME)";
				SWIFT_EMIT_LOC_STRINGS = NO;
				SWIFT_VERSION = 5.0;
				TARGETED_DEVICE_FAMILY = "1,2";
				TEST_HOST = "$(BUILT_PRODUCTS_DIR)/ImageFeed.app/$(BUNDLE_EXECUTABLE_FOLDER_PATH)/ImageFeed";
			};
			name = Debug;
		};
		8401CF422B6FC9B9008320EE /* Release */ = {
			isa = XCBuildConfiguration;
			buildSettings = {
				ALWAYS_EMBED_SWIFT_STANDARD_LIBRARIES = YES;
				BUNDLE_LOADER = "$(TEST_HOST)";
				CODE_SIGN_STYLE = Automatic;
				CURRENT_PROJECT_VERSION = 1;
				GENERATE_INFOPLIST_FILE = YES;
				IPHONEOS_DEPLOYMENT_TARGET = 17.2;
				MARKETING_VERSION = 1.0;
				PRODUCT_BUNDLE_IDENTIFIER = ru.bugss.ImageFeedTests;
				PRODUCT_NAME = "$(TARGET_NAME)";
				SWIFT_EMIT_LOC_STRINGS = NO;
				SWIFT_VERSION = 5.0;
				TARGETED_DEVICE_FAMILY = "1,2";
				TEST_HOST = "$(BUILT_PRODUCTS_DIR)/ImageFeed.app/$(BUNDLE_EXECUTABLE_FOLDER_PATH)/ImageFeed";
			};
			name = Release;
		};
		8401CF442B6FC9B9008320EE /* Debug */ = {
			isa = XCBuildConfiguration;
			buildSettings = {
				ALWAYS_EMBED_SWIFT_STANDARD_LIBRARIES = YES;
				CODE_SIGN_STYLE = Automatic;
				CURRENT_PROJECT_VERSION = 1;
				GENERATE_INFOPLIST_FILE = YES;
				MARKETING_VERSION = 1.0;
				PRODUCT_BUNDLE_IDENTIFIER = ru.bugss.ImageFeedUITests;
				PRODUCT_NAME = "$(TARGET_NAME)";
				SWIFT_EMIT_LOC_STRINGS = NO;
				SWIFT_VERSION = 5.0;
				TARGETED_DEVICE_FAMILY = "1,2";
				TEST_TARGET_NAME = ImageFeed;
			};
			name = Debug;
		};
		8401CF452B6FC9B9008320EE /* Release */ = {
			isa = XCBuildConfiguration;
			buildSettings = {
				ALWAYS_EMBED_SWIFT_STANDARD_LIBRARIES = YES;
				CODE_SIGN_STYLE = Automatic;
				CURRENT_PROJECT_VERSION = 1;
				GENERATE_INFOPLIST_FILE = YES;
				MARKETING_VERSION = 1.0;
				PRODUCT_BUNDLE_IDENTIFIER = ru.bugss.ImageFeedUITests;
				PRODUCT_NAME = "$(TARGET_NAME)";
				SWIFT_EMIT_LOC_STRINGS = NO;
				SWIFT_VERSION = 5.0;
				TARGETED_DEVICE_FAMILY = "1,2";
				TEST_TARGET_NAME = ImageFeed;
			};
			name = Release;
		};
/* End XCBuildConfiguration section */

/* Begin XCConfigurationList section */
		8401CF0B2B6FC9B6008320EE /* Build configuration list for PBXProject "ImageFeed" */ = {
			isa = XCConfigurationList;
			buildConfigurations = (
				8401CF3B2B6FC9B9008320EE /* Debug */,
				8401CF3C2B6FC9B9008320EE /* Release */,
			);
			defaultConfigurationIsVisible = 0;
			defaultConfigurationName = Release;
		};
		8401CF3D2B6FC9B9008320EE /* Build configuration list for PBXNativeTarget "ImageFeed" */ = {
			isa = XCConfigurationList;
			buildConfigurations = (
				8401CF3E2B6FC9B9008320EE /* Debug */,
				8401CF3F2B6FC9B9008320EE /* Release */,
			);
			defaultConfigurationIsVisible = 0;
			defaultConfigurationName = Release;
		};
		8401CF402B6FC9B9008320EE /* Build configuration list for PBXNativeTarget "ImageFeedTests" */ = {
			isa = XCConfigurationList;
			buildConfigurations = (
				8401CF412B6FC9B9008320EE /* Debug */,
				8401CF422B6FC9B9008320EE /* Release */,
			);
			defaultConfigurationIsVisible = 0;
			defaultConfigurationName = Release;
		};
		8401CF432B6FC9B9008320EE /* Build configuration list for PBXNativeTarget "ImageFeedUITests" */ = {
			isa = XCConfigurationList;
			buildConfigurations = (
				8401CF442B6FC9B9008320EE /* Debug */,
				8401CF452B6FC9B9008320EE /* Release */,
			);
			defaultConfigurationIsVisible = 0;
			defaultConfigurationName = Release;
		};
/* End XCConfigurationList section */

/* Begin XCVersionGroup section */
		8401CF1C2B6FC9B6008320EE /* ImageFeed.xcdatamodeld */ = {
			isa = XCVersionGroup;
			children = (
				8401CF1D2B6FC9B6008320EE /* ImageFeed.xcdatamodel */,
			);
			currentVersion = 8401CF1D2B6FC9B6008320EE /* ImageFeed.xcdatamodel */;
			path = ImageFeed.xcdatamodeld;
			sourceTree = "<group>";
			versionGroupType = wrapper.xcdatamodel;
		};
/* End XCVersionGroup section */
	};
	rootObject = 8401CF082B6FC9B6008320EE /* Project object */;
}
